// !$*UTF8*$!
{
	archiveVersion = 1;
	classes = {
	};
	objectVersion = 50;
	objects = {

/* Begin PBXBuildFile section */
		0109EEFB25E58E460010A158 /* DiscoverModuleContract.swift in Sources */ = {isa = PBXBuildFile; fileRef = 0109EEFA25E58E460010A158 /* DiscoverModuleContract.swift */; };
		0109EF0025E58E580010A158 /* DiscoverModuleBuilder.swift in Sources */ = {isa = PBXBuildFile; fileRef = 0109EEFF25E58E580010A158 /* DiscoverModuleBuilder.swift */; };
		0109EF0525E58E6C0010A158 /* DiscoverModuleInteractor.swift in Sources */ = {isa = PBXBuildFile; fileRef = 0109EF0425E58E6C0010A158 /* DiscoverModuleInteractor.swift */; };
		0109EF0A25E58E7B0010A158 /* DiscoverModulePresenter.swift in Sources */ = {isa = PBXBuildFile; fileRef = 0109EF0925E58E7B0010A158 /* DiscoverModulePresenter.swift */; };
		0109EF0F25E58E850010A158 /* DiscoverModuleEntity.swift in Sources */ = {isa = PBXBuildFile; fileRef = 0109EF0E25E58E850010A158 /* DiscoverModuleEntity.swift */; };
		0109EF1425E58E910010A158 /* DiscoverModuleRouter.swift in Sources */ = {isa = PBXBuildFile; fileRef = 0109EF1325E58E910010A158 /* DiscoverModuleRouter.swift */; };
		0109EF1925E58E9D0010A158 /* DiscoverModuleView.swift in Sources */ = {isa = PBXBuildFile; fileRef = 0109EF1825E58E9D0010A158 /* DiscoverModuleView.swift */; };
		0109EF2525E5906C0010A158 /* ParentModuleView.swift in Sources */ = {isa = PBXBuildFile; fileRef = 0109EF2425E5906C0010A158 /* ParentModuleView.swift */; };
		0109EF2D25E5907C0010A158 /* ParentModuleInteractor.swift in Sources */ = {isa = PBXBuildFile; fileRef = 0109EF2C25E5907C0010A158 /* ParentModuleInteractor.swift */; };
		0109EF3225E590840010A158 /* ParentModulePresenter.swift in Sources */ = {isa = PBXBuildFile; fileRef = 0109EF3125E590840010A158 /* ParentModulePresenter.swift */; };
		0109EF3725E590870010A158 /* ParentModuleEntity.swift in Sources */ = {isa = PBXBuildFile; fileRef = 0109EF3625E590870010A158 /* ParentModuleEntity.swift */; };
		0109EF3F25E5909A0010A158 /* ParentModuleRouter.swift in Sources */ = {isa = PBXBuildFile; fileRef = 0109EF3E25E5909A0010A158 /* ParentModuleRouter.swift */; };
		0109EF4425E590AF0010A158 /* ParentModuleContract.swift in Sources */ = {isa = PBXBuildFile; fileRef = 0109EF4325E590AF0010A158 /* ParentModuleContract.swift */; };
		0109EF4925E590C20010A158 /* ParentModuleBuilder.swift in Sources */ = {isa = PBXBuildFile; fileRef = 0109EF4825E590C20010A158 /* ParentModuleBuilder.swift */; };
		013A75FD25E2C01600632004 /* SkadiApp.swift in Sources */ = {isa = PBXBuildFile; fileRef = 013A75FC25E2C01600632004 /* SkadiApp.swift */; };
		013A75FF25E2C01600632004 /* ContentView.swift in Sources */ = {isa = PBXBuildFile; fileRef = 013A75FE25E2C01600632004 /* ContentView.swift */; };
		013A760125E2C01900632004 /* Assets.xcassets in Resources */ = {isa = PBXBuildFile; fileRef = 013A760025E2C01900632004 /* Assets.xcassets */; };
		013A760425E2C01900632004 /* Preview Assets.xcassets in Resources */ = {isa = PBXBuildFile; fileRef = 013A760325E2C01900632004 /* Preview Assets.xcassets */; };
		013A760F25E2C01900632004 /* SkadiTests.swift in Sources */ = {isa = PBXBuildFile; fileRef = 013A760E25E2C01900632004 /* SkadiTests.swift */; };
		013A761A25E2C01900632004 /* SkadiUITests.swift in Sources */ = {isa = PBXBuildFile; fileRef = 013A761925E2C01900632004 /* SkadiUITests.swift */; };
		013A762C25E2C84F00632004 /* HomeModuleBuilder.swift in Sources */ = {isa = PBXBuildFile; fileRef = 013A762B25E2C84F00632004 /* HomeModuleBuilder.swift */; };
		013A763125E2C85900632004 /* HomeModuleContract.swift in Sources */ = {isa = PBXBuildFile; fileRef = 013A763025E2C85900632004 /* HomeModuleContract.swift */; };
		013A763625E2C86400632004 /* HomeModuleInteractor.swift in Sources */ = {isa = PBXBuildFile; fileRef = 013A763525E2C86400632004 /* HomeModuleInteractor.swift */; };
		013A763B25E2C86D00632004 /* HomeModulePresenter.swift in Sources */ = {isa = PBXBuildFile; fileRef = 013A763A25E2C86D00632004 /* HomeModulePresenter.swift */; };
		013A764025E2C87B00632004 /* HomeModuleEntity.swift in Sources */ = {isa = PBXBuildFile; fileRef = 013A763F25E2C87B00632004 /* HomeModuleEntity.swift */; };
		013A764525E2C88300632004 /* HomeModuleRouter.swift in Sources */ = {isa = PBXBuildFile; fileRef = 013A764425E2C88300632004 /* HomeModuleRouter.swift */; };
		013A765025E2CB4400632004 /* HomeModuleView.swift in Sources */ = {isa = PBXBuildFile; fileRef = 013A764F25E2CB4400632004 /* HomeModuleView.swift */; };
/* End PBXBuildFile section */

/* Begin PBXContainerItemProxy section */
		013A760B25E2C01900632004 /* PBXContainerItemProxy */ = {
			isa = PBXContainerItemProxy;
			containerPortal = 013A75F125E2C01600632004 /* Project object */;
			proxyType = 1;
			remoteGlobalIDString = 013A75F825E2C01600632004;
			remoteInfo = Skadi;
		};
		013A761625E2C01900632004 /* PBXContainerItemProxy */ = {
			isa = PBXContainerItemProxy;
			containerPortal = 013A75F125E2C01600632004 /* Project object */;
			proxyType = 1;
			remoteGlobalIDString = 013A75F825E2C01600632004;
			remoteInfo = Skadi;
		};
/* End PBXContainerItemProxy section */

/* Begin PBXFileReference section */
		0109EEFA25E58E460010A158 /* DiscoverModuleContract.swift */ = {isa = PBXFileReference; lastKnownFileType = sourcecode.swift; path = DiscoverModuleContract.swift; sourceTree = "<group>"; };
		0109EEFF25E58E580010A158 /* DiscoverModuleBuilder.swift */ = {isa = PBXFileReference; lastKnownFileType = sourcecode.swift; path = DiscoverModuleBuilder.swift; sourceTree = "<group>"; };
		0109EF0425E58E6C0010A158 /* DiscoverModuleInteractor.swift */ = {isa = PBXFileReference; lastKnownFileType = sourcecode.swift; path = DiscoverModuleInteractor.swift; sourceTree = "<group>"; };
		0109EF0925E58E7B0010A158 /* DiscoverModulePresenter.swift */ = {isa = PBXFileReference; lastKnownFileType = sourcecode.swift; path = DiscoverModulePresenter.swift; sourceTree = "<group>"; };
		0109EF0E25E58E850010A158 /* DiscoverModuleEntity.swift */ = {isa = PBXFileReference; lastKnownFileType = sourcecode.swift; path = DiscoverModuleEntity.swift; sourceTree = "<group>"; };
		0109EF1325E58E910010A158 /* DiscoverModuleRouter.swift */ = {isa = PBXFileReference; lastKnownFileType = sourcecode.swift; path = DiscoverModuleRouter.swift; sourceTree = "<group>"; };
		0109EF1825E58E9D0010A158 /* DiscoverModuleView.swift */ = {isa = PBXFileReference; lastKnownFileType = sourcecode.swift; path = DiscoverModuleView.swift; sourceTree = "<group>"; };
		0109EF2425E5906C0010A158 /* ParentModuleView.swift */ = {isa = PBXFileReference; lastKnownFileType = sourcecode.swift; path = ParentModuleView.swift; sourceTree = "<group>"; };
		0109EF2C25E5907C0010A158 /* ParentModuleInteractor.swift */ = {isa = PBXFileReference; lastKnownFileType = sourcecode.swift; path = ParentModuleInteractor.swift; sourceTree = "<group>"; };
		0109EF3125E590840010A158 /* ParentModulePresenter.swift */ = {isa = PBXFileReference; lastKnownFileType = sourcecode.swift; path = ParentModulePresenter.swift; sourceTree = "<group>"; };
		0109EF3625E590870010A158 /* ParentModuleEntity.swift */ = {isa = PBXFileReference; lastKnownFileType = sourcecode.swift; path = ParentModuleEntity.swift; sourceTree = "<group>"; };
		0109EF3E25E5909A0010A158 /* ParentModuleRouter.swift */ = {isa = PBXFileReference; lastKnownFileType = sourcecode.swift; path = ParentModuleRouter.swift; sourceTree = "<group>"; };
		0109EF4325E590AF0010A158 /* ParentModuleContract.swift */ = {isa = PBXFileReference; lastKnownFileType = sourcecode.swift; path = ParentModuleContract.swift; sourceTree = "<group>"; };
		0109EF4825E590C20010A158 /* ParentModuleBuilder.swift */ = {isa = PBXFileReference; lastKnownFileType = sourcecode.swift; path = ParentModuleBuilder.swift; sourceTree = "<group>"; };
		013A75F925E2C01600632004 /* Skadi.app */ = {isa = PBXFileReference; explicitFileType = wrapper.application; includeInIndex = 0; path = Skadi.app; sourceTree = BUILT_PRODUCTS_DIR; };
		013A75FC25E2C01600632004 /* SkadiApp.swift */ = {isa = PBXFileReference; lastKnownFileType = sourcecode.swift; path = SkadiApp.swift; sourceTree = "<group>"; };
		013A75FE25E2C01600632004 /* ContentView.swift */ = {isa = PBXFileReference; lastKnownFileType = sourcecode.swift; path = ContentView.swift; sourceTree = "<group>"; };
		013A760025E2C01900632004 /* Assets.xcassets */ = {isa = PBXFileReference; lastKnownFileType = folder.assetcatalog; path = Assets.xcassets; sourceTree = "<group>"; };
		013A760325E2C01900632004 /* Preview Assets.xcassets */ = {isa = PBXFileReference; lastKnownFileType = folder.assetcatalog; path = "Preview Assets.xcassets"; sourceTree = "<group>"; };
		013A760525E2C01900632004 /* Info.plist */ = {isa = PBXFileReference; lastKnownFileType = text.plist.xml; path = Info.plist; sourceTree = "<group>"; };
		013A760A25E2C01900632004 /* SkadiTests.xctest */ = {isa = PBXFileReference; explicitFileType = wrapper.cfbundle; includeInIndex = 0; path = SkadiTests.xctest; sourceTree = BUILT_PRODUCTS_DIR; };
		013A760E25E2C01900632004 /* SkadiTests.swift */ = {isa = PBXFileReference; lastKnownFileType = sourcecode.swift; path = SkadiTests.swift; sourceTree = "<group>"; };
		013A761025E2C01900632004 /* Info.plist */ = {isa = PBXFileReference; lastKnownFileType = text.plist.xml; path = Info.plist; sourceTree = "<group>"; };
		013A761525E2C01900632004 /* SkadiUITests.xctest */ = {isa = PBXFileReference; explicitFileType = wrapper.cfbundle; includeInIndex = 0; path = SkadiUITests.xctest; sourceTree = BUILT_PRODUCTS_DIR; };
		013A761925E2C01900632004 /* SkadiUITests.swift */ = {isa = PBXFileReference; lastKnownFileType = sourcecode.swift; path = SkadiUITests.swift; sourceTree = "<group>"; };
		013A761B25E2C01900632004 /* Info.plist */ = {isa = PBXFileReference; lastKnownFileType = text.plist.xml; path = Info.plist; sourceTree = "<group>"; };
		013A762B25E2C84F00632004 /* HomeModuleBuilder.swift */ = {isa = PBXFileReference; lastKnownFileType = sourcecode.swift; path = HomeModuleBuilder.swift; sourceTree = "<group>"; };
		013A763025E2C85900632004 /* HomeModuleContract.swift */ = {isa = PBXFileReference; lastKnownFileType = sourcecode.swift; path = HomeModuleContract.swift; sourceTree = "<group>"; };
		013A763525E2C86400632004 /* HomeModuleInteractor.swift */ = {isa = PBXFileReference; lastKnownFileType = sourcecode.swift; path = HomeModuleInteractor.swift; sourceTree = "<group>"; };
		013A763A25E2C86D00632004 /* HomeModulePresenter.swift */ = {isa = PBXFileReference; lastKnownFileType = sourcecode.swift; path = HomeModulePresenter.swift; sourceTree = "<group>"; };
		013A763F25E2C87B00632004 /* HomeModuleEntity.swift */ = {isa = PBXFileReference; lastKnownFileType = sourcecode.swift; path = HomeModuleEntity.swift; sourceTree = "<group>"; };
		013A764425E2C88300632004 /* HomeModuleRouter.swift */ = {isa = PBXFileReference; lastKnownFileType = sourcecode.swift; path = HomeModuleRouter.swift; sourceTree = "<group>"; };
		013A764F25E2CB4400632004 /* HomeModuleView.swift */ = {isa = PBXFileReference; lastKnownFileType = sourcecode.swift; path = HomeModuleView.swift; sourceTree = "<group>"; };
/* End PBXFileReference section */

/* Begin PBXFrameworksBuildPhase section */
		013A75F625E2C01600632004 /* Frameworks */ = {
			isa = PBXFrameworksBuildPhase;
			buildActionMask = 2147483647;
			files = (
			);
			runOnlyForDeploymentPostprocessing = 0;
		};
		013A760725E2C01900632004 /* Frameworks */ = {
			isa = PBXFrameworksBuildPhase;
			buildActionMask = 2147483647;
			files = (
			);
			runOnlyForDeploymentPostprocessing = 0;
		};
		013A761225E2C01900632004 /* Frameworks */ = {
			isa = PBXFrameworksBuildPhase;
			buildActionMask = 2147483647;
			files = (
			);
			runOnlyForDeploymentPostprocessing = 0;
		};
/* End PBXFrameworksBuildPhase section */

/* Begin PBXGroup section */
		0109EEF925E58E160010A158 /* DiscoverModule */ = {
			isa = PBXGroup;
			children = (
				0109EEFF25E58E580010A158 /* DiscoverModuleBuilder.swift */,
				0109EEFA25E58E460010A158 /* DiscoverModuleContract.swift */,
				0109EF0425E58E6C0010A158 /* DiscoverModuleInteractor.swift */,
				0109EF0925E58E7B0010A158 /* DiscoverModulePresenter.swift */,
				0109EF0E25E58E850010A158 /* DiscoverModuleEntity.swift */,
				0109EF1325E58E910010A158 /* DiscoverModuleRouter.swift */,
				0109EF1825E58E9D0010A158 /* DiscoverModuleView.swift */,
			);
			path = DiscoverModule;
			sourceTree = "<group>";
		};
		0109EF2325E590550010A158 /* ParentModule */ = {
			isa = PBXGroup;
			children = (
				0109EF4325E590AF0010A158 /* ParentModuleContract.swift */,
				0109EF4825E590C20010A158 /* ParentModuleBuilder.swift */,
				0109EF2425E5906C0010A158 /* ParentModuleView.swift */,
				0109EF2C25E5907C0010A158 /* ParentModuleInteractor.swift */,
				0109EF3125E590840010A158 /* ParentModulePresenter.swift */,
				0109EF3625E590870010A158 /* ParentModuleEntity.swift */,
				0109EF3E25E5909A0010A158 /* ParentModuleRouter.swift */,
			);
			path = ParentModule;
			sourceTree = "<group>";
		};
		013A75F025E2C01600632004 = {
			isa = PBXGroup;
			children = (
				013A75FB25E2C01600632004 /* Skadi */,
				013A760D25E2C01900632004 /* SkadiTests */,
				013A761825E2C01900632004 /* SkadiUITests */,
				013A75FA25E2C01600632004 /* Products */,
			);
			sourceTree = "<group>";
		};
		013A75FA25E2C01600632004 /* Products */ = {
			isa = PBXGroup;
			children = (
				013A75F925E2C01600632004 /* Skadi.app */,
				013A760A25E2C01900632004 /* SkadiTests.xctest */,
				013A761525E2C01900632004 /* SkadiUITests.xctest */,
			);
			name = Products;
			sourceTree = "<group>";
		};
		013A75FB25E2C01600632004 /* Skadi */ = {
			isa = PBXGroup;
			children = (
				013A75FC25E2C01600632004 /* SkadiApp.swift */,
				0109EF2325E590550010A158 /* ParentModule */,
				013A762A25E2C83B00632004 /* HomeModule */,
				0109EEF925E58E160010A158 /* DiscoverModule */,
				013A75FE25E2C01600632004 /* ContentView.swift */,
				013A760025E2C01900632004 /* Assets.xcassets */,
				013A760525E2C01900632004 /* Info.plist */,
				013A760225E2C01900632004 /* Preview Content */,
			);
			path = Skadi;
			sourceTree = "<group>";
		};
		013A760225E2C01900632004 /* Preview Content */ = {
			isa = PBXGroup;
			children = (
				013A760325E2C01900632004 /* Preview Assets.xcassets */,
			);
			path = "Preview Content";
			sourceTree = "<group>";
		};
		013A760D25E2C01900632004 /* SkadiTests */ = {
			isa = PBXGroup;
			children = (
				013A760E25E2C01900632004 /* SkadiTests.swift */,
				013A761025E2C01900632004 /* Info.plist */,
			);
			path = SkadiTests;
			sourceTree = "<group>";
		};
		013A761825E2C01900632004 /* SkadiUITests */ = {
			isa = PBXGroup;
			children = (
				013A761925E2C01900632004 /* SkadiUITests.swift */,
				013A761B25E2C01900632004 /* Info.plist */,
			);
			path = SkadiUITests;
			sourceTree = "<group>";
		};
		013A762A25E2C83B00632004 /* HomeModule */ = {
			isa = PBXGroup;
			children = (
				013A762B25E2C84F00632004 /* HomeModuleBuilder.swift */,
				013A763025E2C85900632004 /* HomeModuleContract.swift */,
				013A764F25E2CB4400632004 /* HomeModuleView.swift */,
				013A763525E2C86400632004 /* HomeModuleInteractor.swift */,
				013A763A25E2C86D00632004 /* HomeModulePresenter.swift */,
				013A763F25E2C87B00632004 /* HomeModuleEntity.swift */,
				013A764425E2C88300632004 /* HomeModuleRouter.swift */,
			);
			path = HomeModule;
			sourceTree = "<group>";
		};
/* End PBXGroup section */

/* Begin PBXNativeTarget section */
		013A75F825E2C01600632004 /* Skadi */ = {
			isa = PBXNativeTarget;
			buildConfigurationList = 013A761E25E2C01900632004 /* Build configuration list for PBXNativeTarget "Skadi" */;
			buildPhases = (
				013A75F525E2C01600632004 /* Sources */,
				013A75F625E2C01600632004 /* Frameworks */,
				013A75F725E2C01600632004 /* Resources */,
			);
			buildRules = (
			);
			dependencies = (
			);
			name = Skadi;
			productName = Skadi;
			productReference = 013A75F925E2C01600632004 /* Skadi.app */;
			productType = "com.apple.product-type.application";
		};
		013A760925E2C01900632004 /* SkadiTests */ = {
			isa = PBXNativeTarget;
			buildConfigurationList = 013A762125E2C01900632004 /* Build configuration list for PBXNativeTarget "SkadiTests" */;
			buildPhases = (
				013A760625E2C01900632004 /* Sources */,
				013A760725E2C01900632004 /* Frameworks */,
				013A760825E2C01900632004 /* Resources */,
			);
			buildRules = (
			);
			dependencies = (
				013A760C25E2C01900632004 /* PBXTargetDependency */,
			);
			name = SkadiTests;
			productName = SkadiTests;
			productReference = 013A760A25E2C01900632004 /* SkadiTests.xctest */;
			productType = "com.apple.product-type.bundle.unit-test";
		};
		013A761425E2C01900632004 /* SkadiUITests */ = {
			isa = PBXNativeTarget;
			buildConfigurationList = 013A762425E2C01900632004 /* Build configuration list for PBXNativeTarget "SkadiUITests" */;
			buildPhases = (
				013A761125E2C01900632004 /* Sources */,
				013A761225E2C01900632004 /* Frameworks */,
				013A761325E2C01900632004 /* Resources */,
			);
			buildRules = (
			);
			dependencies = (
				013A761725E2C01900632004 /* PBXTargetDependency */,
			);
			name = SkadiUITests;
			productName = SkadiUITests;
			productReference = 013A761525E2C01900632004 /* SkadiUITests.xctest */;
			productType = "com.apple.product-type.bundle.ui-testing";
		};
/* End PBXNativeTarget section */

/* Begin PBXProject section */
		013A75F125E2C01600632004 /* Project object */ = {
			isa = PBXProject;
			attributes = {
				LastSwiftUpdateCheck = 1240;
				LastUpgradeCheck = 1240;
				TargetAttributes = {
					013A75F825E2C01600632004 = {
						CreatedOnToolsVersion = 12.4;
					};
					013A760925E2C01900632004 = {
						CreatedOnToolsVersion = 12.4;
						TestTargetID = 013A75F825E2C01600632004;
					};
					013A761425E2C01900632004 = {
						CreatedOnToolsVersion = 12.4;
						TestTargetID = 013A75F825E2C01600632004;
					};
				};
			};
			buildConfigurationList = 013A75F425E2C01600632004 /* Build configuration list for PBXProject "Skadi" */;
			compatibilityVersion = "Xcode 9.3";
			developmentRegion = en;
			hasScannedForEncodings = 0;
			knownRegions = (
				en,
				Base,
			);
			mainGroup = 013A75F025E2C01600632004;
			productRefGroup = 013A75FA25E2C01600632004 /* Products */;
			projectDirPath = "";
			projectRoot = "";
			targets = (
				013A75F825E2C01600632004 /* Skadi */,
				013A760925E2C01900632004 /* SkadiTests */,
				013A761425E2C01900632004 /* SkadiUITests */,
			);
		};
/* End PBXProject section */

/* Begin PBXResourcesBuildPhase section */
		013A75F725E2C01600632004 /* Resources */ = {
			isa = PBXResourcesBuildPhase;
			buildActionMask = 2147483647;
			files = (
				013A760425E2C01900632004 /* Preview Assets.xcassets in Resources */,
				013A760125E2C01900632004 /* Assets.xcassets in Resources */,
			);
			runOnlyForDeploymentPostprocessing = 0;
		};
		013A760825E2C01900632004 /* Resources */ = {
			isa = PBXResourcesBuildPhase;
			buildActionMask = 2147483647;
			files = (
			);
			runOnlyForDeploymentPostprocessing = 0;
		};
		013A761325E2C01900632004 /* Resources */ = {
			isa = PBXResourcesBuildPhase;
			buildActionMask = 2147483647;
			files = (
			);
			runOnlyForDeploymentPostprocessing = 0;
		};
/* End PBXResourcesBuildPhase section */

/* Begin PBXSourcesBuildPhase section */
		013A75F525E2C01600632004 /* Sources */ = {
			isa = PBXSourcesBuildPhase;
			buildActionMask = 2147483647;
			files = (
				013A763625E2C86400632004 /* HomeModuleInteractor.swift in Sources */,
				0109EF1425E58E910010A158 /* DiscoverModuleRouter.swift in Sources */,
				013A765025E2CB4400632004 /* HomeModuleView.swift in Sources */,
				0109EF4425E590AF0010A158 /* ParentModuleContract.swift in Sources */,
				0109EF1925E58E9D0010A158 /* DiscoverModuleView.swift in Sources */,
				013A764525E2C88300632004 /* HomeModuleRouter.swift in Sources */,
				0109EF3725E590870010A158 /* ParentModuleEntity.swift in Sources */,
				013A763125E2C85900632004 /* HomeModuleContract.swift in Sources */,
				013A762C25E2C84F00632004 /* HomeModuleBuilder.swift in Sources */,
				013A763B25E2C86D00632004 /* HomeModulePresenter.swift in Sources */,
				013A75FF25E2C01600632004 /* ContentView.swift in Sources */,
				013A764025E2C87B00632004 /* HomeModuleEntity.swift in Sources */,
				0109EF3225E590840010A158 /* ParentModulePresenter.swift in Sources */,
				0109EF4925E590C20010A158 /* ParentModuleBuilder.swift in Sources */,
				0109EF2D25E5907C0010A158 /* ParentModuleInteractor.swift in Sources */,
				0109EEFB25E58E460010A158 /* DiscoverModuleContract.swift in Sources */,
				0109EF0F25E58E850010A158 /* DiscoverModuleEntity.swift in Sources */,
				0109EF0525E58E6C0010A158 /* DiscoverModuleInteractor.swift in Sources */,
				0109EF3F25E5909A0010A158 /* ParentModuleRouter.swift in Sources */,
				0109EF2525E5906C0010A158 /* ParentModuleView.swift in Sources */,
				0109EF0025E58E580010A158 /* DiscoverModuleBuilder.swift in Sources */,
				0109EF0A25E58E7B0010A158 /* DiscoverModulePresenter.swift in Sources */,
				013A75FD25E2C01600632004 /* SkadiApp.swift in Sources */,
			);
			runOnlyForDeploymentPostprocessing = 0;
		};
		013A760625E2C01900632004 /* Sources */ = {
			isa = PBXSourcesBuildPhase;
			buildActionMask = 2147483647;
			files = (
				013A760F25E2C01900632004 /* SkadiTests.swift in Sources */,
			);
			runOnlyForDeploymentPostprocessing = 0;
		};
		013A761125E2C01900632004 /* Sources */ = {
			isa = PBXSourcesBuildPhase;
			buildActionMask = 2147483647;
			files = (
				013A761A25E2C01900632004 /* SkadiUITests.swift in Sources */,
			);
			runOnlyForDeploymentPostprocessing = 0;
		};
/* End PBXSourcesBuildPhase section */

/* Begin PBXTargetDependency section */
		013A760C25E2C01900632004 /* PBXTargetDependency */ = {
			isa = PBXTargetDependency;
			target = 013A75F825E2C01600632004 /* Skadi */;
			targetProxy = 013A760B25E2C01900632004 /* PBXContainerItemProxy */;
		};
		013A761725E2C01900632004 /* PBXTargetDependency */ = {
			isa = PBXTargetDependency;
			target = 013A75F825E2C01600632004 /* Skadi */;
			targetProxy = 013A761625E2C01900632004 /* PBXContainerItemProxy */;
		};
/* End PBXTargetDependency section */

/* Begin XCBuildConfiguration section */
		013A761C25E2C01900632004 /* Debug */ = {
			isa = XCBuildConfiguration;
			buildSettings = {
				ALWAYS_SEARCH_USER_PATHS = NO;
				CLANG_ANALYZER_NONNULL = YES;
				CLANG_ANALYZER_NUMBER_OBJECT_CONVERSION = YES_AGGRESSIVE;
				CLANG_CXX_LANGUAGE_STANDARD = "gnu++14";
				CLANG_CXX_LIBRARY = "libc++";
				CLANG_ENABLE_MODULES = YES;
				CLANG_ENABLE_OBJC_ARC = YES;
				CLANG_ENABLE_OBJC_WEAK = YES;
				CLANG_WARN_BLOCK_CAPTURE_AUTORELEASING = YES;
				CLANG_WARN_BOOL_CONVERSION = YES;
				CLANG_WARN_COMMA = YES;
				CLANG_WARN_CONSTANT_CONVERSION = YES;
				CLANG_WARN_DEPRECATED_OBJC_IMPLEMENTATIONS = YES;
				CLANG_WARN_DIRECT_OBJC_ISA_USAGE = YES_ERROR;
				CLANG_WARN_DOCUMENTATION_COMMENTS = YES;
				CLANG_WARN_EMPTY_BODY = YES;
				CLANG_WARN_ENUM_CONVERSION = YES;
				CLANG_WARN_INFINITE_RECURSION = YES;
				CLANG_WARN_INT_CONVERSION = YES;
				CLANG_WARN_NON_LITERAL_NULL_CONVERSION = YES;
				CLANG_WARN_OBJC_IMPLICIT_RETAIN_SELF = YES;
				CLANG_WARN_OBJC_LITERAL_CONVERSION = YES;
				CLANG_WARN_OBJC_ROOT_CLASS = YES_ERROR;
				CLANG_WARN_QUOTED_INCLUDE_IN_FRAMEWORK_HEADER = YES;
				CLANG_WARN_RANGE_LOOP_ANALYSIS = YES;
				CLANG_WARN_STRICT_PROTOTYPES = YES;
				CLANG_WARN_SUSPICIOUS_MOVE = YES;
				CLANG_WARN_UNGUARDED_AVAILABILITY = YES_AGGRESSIVE;
				CLANG_WARN_UNREACHABLE_CODE = YES;
				CLANG_WARN__DUPLICATE_METHOD_MATCH = YES;
				COPY_PHASE_STRIP = NO;
				DEBUG_INFORMATION_FORMAT = dwarf;
				ENABLE_STRICT_OBJC_MSGSEND = YES;
				ENABLE_TESTABILITY = YES;
				GCC_C_LANGUAGE_STANDARD = gnu11;
				GCC_DYNAMIC_NO_PIC = NO;
				GCC_NO_COMMON_BLOCKS = YES;
				GCC_OPTIMIZATION_LEVEL = 0;
				GCC_PREPROCESSOR_DEFINITIONS = (
					"DEBUG=1",
					"$(inherited)",
				);
				GCC_WARN_64_TO_32_BIT_CONVERSION = YES;
				GCC_WARN_ABOUT_RETURN_TYPE = YES_ERROR;
				GCC_WARN_UNDECLARED_SELECTOR = YES;
				GCC_WARN_UNINITIALIZED_AUTOS = YES_AGGRESSIVE;
				GCC_WARN_UNUSED_FUNCTION = YES;
				GCC_WARN_UNUSED_VARIABLE = YES;
				IPHONEOS_DEPLOYMENT_TARGET = 14.4;
				MTL_ENABLE_DEBUG_INFO = INCLUDE_SOURCE;
				MTL_FAST_MATH = YES;
				ONLY_ACTIVE_ARCH = YES;
				SDKROOT = iphoneos;
				SWIFT_ACTIVE_COMPILATION_CONDITIONS = DEBUG;
				SWIFT_OPTIMIZATION_LEVEL = "-Onone";
			};
			name = Debug;
		};
		013A761D25E2C01900632004 /* Release */ = {
			isa = XCBuildConfiguration;
			buildSettings = {
				ALWAYS_SEARCH_USER_PATHS = NO;
				CLANG_ANALYZER_NONNULL = YES;
				CLANG_ANALYZER_NUMBER_OBJECT_CONVERSION = YES_AGGRESSIVE;
				CLANG_CXX_LANGUAGE_STANDARD = "gnu++14";
				CLANG_CXX_LIBRARY = "libc++";
				CLANG_ENABLE_MODULES = YES;
				CLANG_ENABLE_OBJC_ARC = YES;
				CLANG_ENABLE_OBJC_WEAK = YES;
				CLANG_WARN_BLOCK_CAPTURE_AUTORELEASING = YES;
				CLANG_WARN_BOOL_CONVERSION = YES;
				CLANG_WARN_COMMA = YES;
				CLANG_WARN_CONSTANT_CONVERSION = YES;
				CLANG_WARN_DEPRECATED_OBJC_IMPLEMENTATIONS = YES;
				CLANG_WARN_DIRECT_OBJC_ISA_USAGE = YES_ERROR;
				CLANG_WARN_DOCUMENTATION_COMMENTS = YES;
				CLANG_WARN_EMPTY_BODY = YES;
				CLANG_WARN_ENUM_CONVERSION = YES;
				CLANG_WARN_INFINITE_RECURSION = YES;
				CLANG_WARN_INT_CONVERSION = YES;
				CLANG_WARN_NON_LITERAL_NULL_CONVERSION = YES;
				CLANG_WARN_OBJC_IMPLICIT_RETAIN_SELF = YES;
				CLANG_WARN_OBJC_LITERAL_CONVERSION = YES;
				CLANG_WARN_OBJC_ROOT_CLASS = YES_ERROR;
				CLANG_WARN_QUOTED_INCLUDE_IN_FRAMEWORK_HEADER = YES;
				CLANG_WARN_RANGE_LOOP_ANALYSIS = YES;
				CLANG_WARN_STRICT_PROTOTYPES = YES;
				CLANG_WARN_SUSPICIOUS_MOVE = YES;
				CLANG_WARN_UNGUARDED_AVAILABILITY = YES_AGGRESSIVE;
				CLANG_WARN_UNREACHABLE_CODE = YES;
				CLANG_WARN__DUPLICATE_METHOD_MATCH = YES;
				COPY_PHASE_STRIP = NO;
				DEBUG_INFORMATION_FORMAT = "dwarf-with-dsym";
				ENABLE_NS_ASSERTIONS = NO;
				ENABLE_STRICT_OBJC_MSGSEND = YES;
				GCC_C_LANGUAGE_STANDARD = gnu11;
				GCC_NO_COMMON_BLOCKS = YES;
				GCC_WARN_64_TO_32_BIT_CONVERSION = YES;
				GCC_WARN_ABOUT_RETURN_TYPE = YES_ERROR;
				GCC_WARN_UNDECLARED_SELECTOR = YES;
				GCC_WARN_UNINITIALIZED_AUTOS = YES_AGGRESSIVE;
				GCC_WARN_UNUSED_FUNCTION = YES;
				GCC_WARN_UNUSED_VARIABLE = YES;
				IPHONEOS_DEPLOYMENT_TARGET = 14.4;
				MTL_ENABLE_DEBUG_INFO = NO;
				MTL_FAST_MATH = YES;
				SDKROOT = iphoneos;
				SWIFT_COMPILATION_MODE = wholemodule;
				SWIFT_OPTIMIZATION_LEVEL = "-O";
				VALIDATE_PRODUCT = YES;
			};
			name = Release;
		};
		013A761F25E2C01900632004 /* Debug */ = {
			isa = XCBuildConfiguration;
			buildSettings = {
				ASSETCATALOG_COMPILER_APPICON_NAME = AppIcon;
				ASSETCATALOG_COMPILER_GLOBAL_ACCENT_COLOR_NAME = AccentColor;
				CODE_SIGN_STYLE = Automatic;
				DEVELOPMENT_ASSET_PATHS = "\"Skadi/Preview Content\"";
				DEVELOPMENT_TEAM = Z3GVH28WDD;
				ENABLE_PREVIEWS = YES;
				INFOPLIST_FILE = Skadi/Info.plist;
				IPHONEOS_DEPLOYMENT_TARGET = 14.0;
				LD_RUNPATH_SEARCH_PATHS = (
					"$(inherited)",
					"@executable_path/Frameworks",
				);
				PRODUCT_BUNDLE_IDENTIFIER = com.rogueknight1726.skadi.Skadi;
				PRODUCT_NAME = "$(TARGET_NAME)";
				SWIFT_VERSION = 5.0;
				TARGETED_DEVICE_FAMILY = "1,2";
			};
			name = Debug;
		};
		013A762025E2C01900632004 /* Release */ = {
			isa = XCBuildConfiguration;
			buildSettings = {
				ASSETCATALOG_COMPILER_APPICON_NAME = AppIcon;
				ASSETCATALOG_COMPILER_GLOBAL_ACCENT_COLOR_NAME = AccentColor;
				CODE_SIGN_STYLE = Automatic;
				DEVELOPMENT_ASSET_PATHS = "\"Skadi/Preview Content\"";
				DEVELOPMENT_TEAM = Z3GVH28WDD;
				ENABLE_PREVIEWS = YES;
				INFOPLIST_FILE = Skadi/Info.plist;
				IPHONEOS_DEPLOYMENT_TARGET = 14.0;
				LD_RUNPATH_SEARCH_PATHS = (
					"$(inherited)",
					"@executable_path/Frameworks",
				);
				PRODUCT_BUNDLE_IDENTIFIER = com.rogueknight1726.skadi.Skadi;
				PRODUCT_NAME = "$(TARGET_NAME)";
				SWIFT_VERSION = 5.0;
				TARGETED_DEVICE_FAMILY = "1,2";
			};
			name = Release;
		};
		013A762225E2C01900632004 /* Debug */ = {
			isa = XCBuildConfiguration;
			buildSettings = {
				ALWAYS_EMBED_SWIFT_STANDARD_LIBRARIES = YES;
				BUNDLE_LOADER = "$(TEST_HOST)";
				CODE_SIGN_STYLE = Automatic;
				DEVELOPMENT_TEAM = Q7NG7S89JF;
				INFOPLIST_FILE = SkadiTests/Info.plist;
				IPHONEOS_DEPLOYMENT_TARGET = 14.0;
				LD_RUNPATH_SEARCH_PATHS = (
					"$(inherited)",
					"@executable_path/Frameworks",
					"@loader_path/Frameworks",
				);
				PRODUCT_BUNDLE_IDENTIFIER = com.rogueknight1726.skadi.SkadiTests;
				PRODUCT_NAME = "$(TARGET_NAME)";
				SWIFT_VERSION = 5.0;
				TARGETED_DEVICE_FAMILY = "1,2";
				TEST_HOST = "$(BUILT_PRODUCTS_DIR)/Skadi.app/Skadi";
			};
			name = Debug;
		};
		013A762325E2C01900632004 /* Release */ = {
			isa = XCBuildConfiguration;
			buildSettings = {
				ALWAYS_EMBED_SWIFT_STANDARD_LIBRARIES = YES;
				BUNDLE_LOADER = "$(TEST_HOST)";
				CODE_SIGN_STYLE = Automatic;
				DEVELOPMENT_TEAM = Q7NG7S89JF;
				INFOPLIST_FILE = SkadiTests/Info.plist;
				IPHONEOS_DEPLOYMENT_TARGET = 14.0;
				LD_RUNPATH_SEARCH_PATHS = (
					"$(inherited)",
					"@executable_path/Frameworks",
					"@loader_path/Frameworks",
				);
				PRODUCT_BUNDLE_IDENTIFIER = com.rogueknight1726.skadi.SkadiTests;
				PRODUCT_NAME = "$(TARGET_NAME)";
				SWIFT_VERSION = 5.0;
				TARGETED_DEVICE_FAMILY = "1,2";
				TEST_HOST = "$(BUILT_PRODUCTS_DIR)/Skadi.app/Skadi";
			};
			name = Release;
		};
		013A762525E2C01900632004 /* Debug */ = {
			isa = XCBuildConfiguration;
			buildSettings = {
				ALWAYS_EMBED_SWIFT_STANDARD_LIBRARIES = YES;
				CODE_SIGN_STYLE = Automatic;
				DEVELOPMENT_TEAM = Q7NG7S89JF;
				INFOPLIST_FILE = SkadiUITests/Info.plist;
				LD_RUNPATH_SEARCH_PATHS = (
					"$(inherited)",
					"@executable_path/Frameworks",
					"@loader_path/Frameworks",
				);
				PRODUCT_BUNDLE_IDENTIFIER = com.rogueknight1726.skadi.SkadiUITests;
				PRODUCT_NAME = "$(TARGET_NAME)";
				SWIFT_VERSION = 5.0;
				TARGETED_DEVICE_FAMILY = "1,2";
				TEST_TARGET_NAME = Skadi;
			};
			name = Debug;
		};
		013A762625E2C01900632004 /* Release */ = {
			isa = XCBuildConfiguration;
			buildSettings = {
				ALWAYS_EMBED_SWIFT_STANDARD_LIBRARIES = YES;
				CODE_SIGN_STYLE = Automatic;
				DEVELOPMENT_TEAM = Q7NG7S89JF;
				INFOPLIST_FILE = SkadiUITests/Info.plist;
				LD_RUNPATH_SEARCH_PATHS = (
					"$(inherited)",
					"@executable_path/Frameworks",
					"@loader_path/Frameworks",
				);
				PRODUCT_BUNDLE_IDENTIFIER = com.rogueknight1726.skadi.SkadiUITests;
				PRODUCT_NAME = "$(TARGET_NAME)";
				SWIFT_VERSION = 5.0;
				TARGETED_DEVICE_FAMILY = "1,2";
				TEST_TARGET_NAME = Skadi;
			};
			name = Release;
		};
/* End XCBuildConfiguration section */

/* Begin XCConfigurationList section */
		013A75F425E2C01600632004 /* Build configuration list for PBXProject "Skadi" */ = {
			isa = XCConfigurationList;
			buildConfigurations = (
				013A761C25E2C01900632004 /* Debug */,
				013A761D25E2C01900632004 /* Release */,
			);
			defaultConfigurationIsVisible = 0;
			defaultConfigurationName = Release;
		};
		013A761E25E2C01900632004 /* Build configuration list for PBXNativeTarget "Skadi" */ = {
			isa = XCConfigurationList;
			buildConfigurations = (
				013A761F25E2C01900632004 /* Debug */,
				013A762025E2C01900632004 /* Release */,
			);
			defaultConfigurationIsVisible = 0;
			defaultConfigurationName = Release;
		};
		013A762125E2C01900632004 /* Build configuration list for PBXNativeTarget "SkadiTests" */ = {
			isa = XCConfigurationList;
			buildConfigurations = (
				013A762225E2C01900632004 /* Debug */,
				013A762325E2C01900632004 /* Release */,
			);
			defaultConfigurationIsVisible = 0;
			defaultConfigurationName = Release;
		};
		013A762425E2C01900632004 /* Build configuration list for PBXNativeTarget "SkadiUITests" */ = {
			isa = XCConfigurationList;
			buildConfigurations = (
				013A762525E2C01900632004 /* Debug */,
				013A762625E2C01900632004 /* Release */,
			);
			defaultConfigurationIsVisible = 0;
			defaultConfigurationName = Release;
		};
/* End XCConfigurationList section */
	};
	rootObject = 013A75F125E2C01600632004 /* Project object */;
}
